
Microsoft Visual Studio Solution File, Format Version 12.00
# Visual Studio Version 16
VisualStudioVersion = 16.0.31624.102
MinimumVisualStudioVersion = 10.0.40219.1
Project("{FAE04EC0-301F-11D3-BF4B-00C04F79EFBC}") = "MvvmExample.Android", "MvvmExample\MvvmExample.Android\MvvmExample.Android.csproj", "{D3370951-2A4E-42F9-B6E2-459AA267CD8D}"
EndProject
Project("{FAE04EC0-301F-11D3-BF4B-00C04F79EFBC}") = "MvvmExample", "MvvmExample\MvvmExample\MvvmExample.csproj", "{8D1479A8-22C9-4B21-AD84-5DFF3AEF7F80}"
EndProject
Global
	GlobalSection(SolutionConfigurationPlatforms) = preSolution
		Debug|Any CPU = Debug|Any CPU
		Release|Any CPU = Release|Any CPU
	EndGlobalSection
	GlobalSection(ProjectConfigurationPlatforms) = postSolution
		{D3370951-2A4E-42F9-B6E2-459AA267CD8D}.Debug|Any CPU.ActiveCfg = Debug|Any CPU
		{D3370951-2A4E-42F9-B6E2-459AA267CD8D}.Debug|Any CPU.Build.0 = Debug|Any CPU
		{D3370951-2A4E-42F9-B6E2-459AA267CD8D}.Debug|Any CPU.Deploy.0 = Debug|Any CPU
		{D3370951-2A4E-42F9-B6E2-459AA267CD8D}.Release|Any CPU.ActiveCfg = Release|Any CPU
		{D3370951-2A4E-42F9-B6E2-459AA267CD8D}.Release|Any CPU.Build.0 = Release|Any CPU
		{D3370951-2A4E-42F9-B6E2-459AA267CD8D}.Release|Any CPU.Deploy.0 = Release|Any CPU
		{8D1479A8-22C9-4B21-AD84-5DFF3AEF7F80}.Debug|Any CPU.ActiveCfg = Debug|Any CPU
		{8D1479A8-22C9-4B21-AD84-5DFF3AEF7F80}.Debug|Any CPU.Build.0 = Debug|Any CPU
		{8D1479A8-22C9-4B21-AD84-5DFF3AEF7F80}.Debug|Any CPU.Deploy.0 = Debug|Any CPU
		{8D1479A8-22C9-4B21-AD84-5DFF3AEF7F80}.Release|Any CPU.ActiveCfg = Release|Any CPU
		{8D1479A8-22C9-4B21-AD84-5DFF3AEF7F80}.Release|Any CPU.Build.0 = Release|Any CPU
		{8D1479A8-22C9-4B21-AD84-5DFF3AEF7F80}.Release|Any CPU.Deploy.0 = Release|Any CPU
	EndGlobalSection
	GlobalSection(SolutionProperties) = preSolution
		HideSolutionNode = FALSE
	EndGlobalSection
	GlobalSection(ExtensibilityGlobals) = postSolution
		SolutionGuid = {E98A59D7-747B-4D84-80A6-1E5DD7578FD3}
	EndGlobalSection
EndGlobal
